
Microsoft Visual Studio Solution File, Format Version 12.00
# Visual Studio 15
VisualStudioVersion = 15.0.27004.2009
MinimumVisualStudioVersion = 10.0.40219.1
Project("{FAE04EC0-301F-11D3-BF4B-00C04F79EFBC}") = "EasyVisit.Web", "EasyVisit.Web\EasyVisit.Web.csproj", "{DD5423F9-1D1D-4FE9-A913-5A1DE28DCB0D}"
EndProject
Global
	GlobalSection(SolutionConfigurationPlatforms) = preSolution
		Debug|Any CPU = Debug|Any CPU
		Release|Any CPU = Release|Any CPU
	EndGlobalSection
	GlobalSection(ProjectConfigurationPlatforms) = postSolution
		{DD5423F9-1D1D-4FE9-A913-5A1DE28DCB0D}.Debug|Any CPU.ActiveCfg = Debug|Any CPU
		{DD5423F9-1D1D-4FE9-A913-5A1DE28DCB0D}.Debug|Any CPU.Build.0 = Debug|Any CPU
		{DD5423F9-1D1D-4FE9-A913-5A1DE28DCB0D}.Release|Any CPU.ActiveCfg = Release|Any CPU
		{DD5423F9-1D1D-4FE9-A913-5A1DE28DCB0D}.Release|Any CPU.Build.0 = Release|Any CPU
	EndGlobalSection
	GlobalSection(SolutionProperties) = preSolution
		HideSolutionNode = FALSE
	EndGlobalSection
	GlobalSection(ExtensibilityGlobals) = postSolution
		SolutionGuid = {F4562455-D10B-4591-9775-F20F6B45AC84}
	EndGlobalSection
EndGlobal
